// !$*UTF8*$!
{
	archiveVersion = 1;
	classes = {
	};
	objectVersion = 50;
	objects = {

/* Begin PBXBuildFile section */
		A17FBDF4230828D1003133F1 /* AppDelegate.m in Sources */ = {isa = PBXBuildFile; fileRef = A17FBDF3230828D1003133F1 /* AppDelegate.m */; };
		A17FBDF7230828D1003133F1 /* ViewController.m in Sources */ = {isa = PBXBuildFile; fileRef = A17FBDF6230828D1003133F1 /* ViewController.m */; };
		A17FBDFA230828D1003133F1 /* Main.storyboard in Resources */ = {isa = PBXBuildFile; fileRef = A17FBDF8230828D1003133F1 /* Main.storyboard */; };
		A17FBDFC230828D2003133F1 /* Assets.xcassets in Resources */ = {isa = PBXBuildFile; fileRef = A17FBDFB230828D2003133F1 /* Assets.xcassets */; };
		A17FBDFF230828D2003133F1 /* LaunchScreen.storyboard in Resources */ = {isa = PBXBuildFile; fileRef = A17FBDFD230828D2003133F1 /* LaunchScreen.storyboard */; };
		A17FBE02230828D2003133F1 /* main.m in Sources */ = {isa = PBXBuildFile; fileRef = A17FBE01230828D2003133F1 /* main.m */; };
		A17FBE0C230828D2003133F1 /* FMDBTests.m in Sources */ = {isa = PBXBuildFile; fileRef = A17FBE0B230828D2003133F1 /* FMDBTests.m */; };
		A17FBE17230828D2003133F1 /* FMDBUITests.m in Sources */ = {isa = PBXBuildFile; fileRef = A17FBE16230828D2003133F1 /* FMDBUITests.m */; };
		A17FBE2623082E71003133F1 /* FMDBTools.m in Sources */ = {isa = PBXBuildFile; fileRef = A17FBE2523082E71003133F1 /* FMDBTools.m */; };
		A17FBE3423082EB6003133F1 /* FMDatabaseQueue.m in Sources */ = {isa = PBXBuildFile; fileRef = A17FBE2923082EB6003133F1 /* FMDatabaseQueue.m */; };
		A17FBE3523082EB6003133F1 /* FMDatabaseAdditions.m in Sources */ = {isa = PBXBuildFile; fileRef = A17FBE2C23082EB6003133F1 /* FMDatabaseAdditions.m */; };
		A17FBE3623082EB6003133F1 /* FMDatabase.m in Sources */ = {isa = PBXBuildFile; fileRef = A17FBE2D23082EB6003133F1 /* FMDatabase.m */; };
		A17FBE3723082EB6003133F1 /* FMDatabasePool.m in Sources */ = {isa = PBXBuildFile; fileRef = A17FBE3123082EB6003133F1 /* FMDatabasePool.m */; };
		A17FBE3823082EB6003133F1 /* FMResultSet.m in Sources */ = {isa = PBXBuildFile; fileRef = A17FBE3223082EB6003133F1 /* FMResultSet.m */; };
		A17FBE3C23084A35003133F1 /* StudentInfo.m in Sources */ = {isa = PBXBuildFile; fileRef = A17FBE3B23084A35003133F1 /* StudentInfo.m */; };
/* End PBXBuildFile section */

/* Begin PBXContainerItemProxy section */
		A17FBE08230828D2003133F1 /* PBXContainerItemProxy */ = {
			isa = PBXContainerItemProxy;
			containerPortal = A17FBDE7230828D1003133F1 /* Project object */;
			proxyType = 1;
			remoteGlobalIDString = A17FBDEE230828D1003133F1;
			remoteInfo = FMDB;
		};
		A17FBE13230828D2003133F1 /* PBXContainerItemProxy */ = {
			isa = PBXContainerItemProxy;
			containerPortal = A17FBDE7230828D1003133F1 /* Project object */;
			proxyType = 1;
			remoteGlobalIDString = A17FBDEE230828D1003133F1;
			remoteInfo = FMDB;
		};
/* End PBXContainerItemProxy section */

/* Begin PBXFileReference section */
		A17FBDEF230828D1003133F1 /* FMDB.app */ = {isa = PBXFileReference; explicitFileType = wrapper.application; includeInIndex = 0; path = FMDB.app; sourceTree = BUILT_PRODUCTS_DIR; };
		A17FBDF2230828D1003133F1 /* AppDelegate.h */ = {isa = PBXFileReference; lastKnownFileType = sourcecode.c.h; path = AppDelegate.h; sourceTree = "<group>"; };
		A17FBDF3230828D1003133F1 /* AppDelegate.m */ = {isa = PBXFileReference; lastKnownFileType = sourcecode.c.objc; path = AppDelegate.m; sourceTree = "<group>"; };
		A17FBDF5230828D1003133F1 /* ViewController.h */ = {isa = PBXFileReference; lastKnownFileType = sourcecode.c.h; path = ViewController.h; sourceTree = "<group>"; };
		A17FBDF6230828D1003133F1 /* ViewController.m */ = {isa = PBXFileReference; lastKnownFileType = sourcecode.c.objc; path = ViewController.m; sourceTree = "<group>"; };
		A17FBDF9230828D1003133F1 /* Base */ = {isa = PBXFileReference; lastKnownFileType = file.storyboard; name = Base; path = Base.lproj/Main.storyboard; sourceTree = "<group>"; };
		A17FBDFB230828D2003133F1 /* Assets.xcassets */ = {isa = PBXFileReference; lastKnownFileType = folder.assetcatalog; path = Assets.xcassets; sourceTree = "<group>"; };
		A17FBDFE230828D2003133F1 /* Base */ = {isa = PBXFileReference; lastKnownFileType = file.storyboard; name = Base; path = Base.lproj/LaunchScreen.storyboard; sourceTree = "<group>"; };
		A17FBE00230828D2003133F1 /* Info.plist */ = {isa = PBXFileReference; lastKnownFileType = text.plist.xml; path = Info.plist; sourceTree = "<group>"; };
		A17FBE01230828D2003133F1 /* main.m */ = {isa = PBXFileReference; lastKnownFileType = sourcecode.c.objc; path = main.m; sourceTree = "<group>"; };
		A17FBE07230828D2003133F1 /* FMDBTests.xctest */ = {isa = PBXFileReference; explicitFileType = wrapper.cfbundle; includeInIndex = 0; path = FMDBTests.xctest; sourceTree = BUILT_PRODUCTS_DIR; };
		A17FBE0B230828D2003133F1 /* FMDBTests.m */ = {isa = PBXFileReference; lastKnownFileType = sourcecode.c.objc; path = FMDBTests.m; sourceTree = "<group>"; };
		A17FBE0D230828D2003133F1 /* Info.plist */ = {isa = PBXFileReference; lastKnownFileType = text.plist.xml; path = Info.plist; sourceTree = "<group>"; };
		A17FBE12230828D2003133F1 /* FMDBUITests.xctest */ = {isa = PBXFileReference; explicitFileType = wrapper.cfbundle; includeInIndex = 0; path = FMDBUITests.xctest; sourceTree = BUILT_PRODUCTS_DIR; };
		A17FBE16230828D2003133F1 /* FMDBUITests.m */ = {isa = PBXFileReference; lastKnownFileType = sourcecode.c.objc; path = FMDBUITests.m; sourceTree = "<group>"; };
		A17FBE18230828D2003133F1 /* Info.plist */ = {isa = PBXFileReference; lastKnownFileType = text.plist.xml; path = Info.plist; sourceTree = "<group>"; };
		A17FBE2423082E71003133F1 /* FMDBTools.h */ = {isa = PBXFileReference; lastKnownFileType = sourcecode.c.h; path = FMDBTools.h; sourceTree = "<group>"; };
		A17FBE2523082E71003133F1 /* FMDBTools.m */ = {isa = PBXFileReference; lastKnownFileType = sourcecode.c.objc; path = FMDBTools.m; sourceTree = "<group>"; };
		A17FBE2823082EB6003133F1 /* FMDatabase.h */ = {isa = PBXFileReference; fileEncoding = 4; lastKnownFileType = sourcecode.c.h; path = FMDatabase.h; sourceTree = "<group>"; };
		A17FBE2923082EB6003133F1 /* FMDatabaseQueue.m */ = {isa = PBXFileReference; fileEncoding = 4; lastKnownFileType = sourcecode.c.objc; path = FMDatabaseQueue.m; sourceTree = "<group>"; };
		A17FBE2A23082EB6003133F1 /* FMResultSet.h */ = {isa = PBXFileReference; fileEncoding = 4; lastKnownFileType = sourcecode.c.h; path = FMResultSet.h; sourceTree = "<group>"; };
		A17FBE2B23082EB6003133F1 /* FMDatabasePool.h */ = {isa = PBXFileReference; fileEncoding = 4; lastKnownFileType = sourcecode.c.h; path = FMDatabasePool.h; sourceTree = "<group>"; };
		A17FBE2C23082EB6003133F1 /* FMDatabaseAdditions.m */ = {isa = PBXFileReference; fileEncoding = 4; lastKnownFileType = sourcecode.c.objc; path = FMDatabaseAdditions.m; sourceTree = "<group>"; };
		A17FBE2D23082EB6003133F1 /* FMDatabase.m */ = {isa = PBXFileReference; fileEncoding = 4; lastKnownFileType = sourcecode.c.objc; path = FMDatabase.m; sourceTree = "<group>"; };
		A17FBE2E23082EB6003133F1 /* FMDatabaseQueue.h */ = {isa = PBXFileReference; fileEncoding = 4; lastKnownFileType = sourcecode.c.h; path = FMDatabaseQueue.h; sourceTree = "<group>"; };
		A17FBE2F23082EB6003133F1 /* FMDB.h */ = {isa = PBXFileReference; fileEncoding = 4; lastKnownFileType = sourcecode.c.h; path = FMDB.h; sourceTree = "<group>"; };
		A17FBE3023082EB6003133F1 /* FMDatabaseAdditions.h */ = {isa = PBXFileReference; fileEncoding = 4; lastKnownFileType = sourcecode.c.h; path = FMDatabaseAdditions.h; sourceTree = "<group>"; };
		A17FBE3123082EB6003133F1 /* FMDatabasePool.m */ = {isa = PBXFileReference; fileEncoding = 4; lastKnownFileType = sourcecode.c.objc; path = FMDatabasePool.m; sourceTree = "<group>"; };
		A17FBE3223082EB6003133F1 /* FMResultSet.m */ = {isa = PBXFileReference; fileEncoding = 4; lastKnownFileType = sourcecode.c.objc; path = FMResultSet.m; sourceTree = "<group>"; };
		A17FBE3323082EB6003133F1 /* Info.plist */ = {isa = PBXFileReference; fileEncoding = 4; lastKnownFileType = text.plist.xml; path = Info.plist; sourceTree = "<group>"; };
		A17FBE3A23084A35003133F1 /* StudentInfo.h */ = {isa = PBXFileReference; lastKnownFileType = sourcecode.c.h; path = StudentInfo.h; sourceTree = "<group>"; };
		A17FBE3B23084A35003133F1 /* StudentInfo.m */ = {isa = PBXFileReference; lastKnownFileType = sourcecode.c.objc; path = StudentInfo.m; sourceTree = "<group>"; };
/* End PBXFileReference section */

/* Begin PBXFrameworksBuildPhase section */
		A17FBDEC230828D1003133F1 /* Frameworks */ = {
			isa = PBXFrameworksBuildPhase;
			buildActionMask = 2147483647;
			files = (
			);
			runOnlyForDeploymentPostprocessing = 0;
		};
		A17FBE04230828D2003133F1 /* Frameworks */ = {
			isa = PBXFrameworksBuildPhase;
			buildActionMask = 2147483647;
			files = (
			);
			runOnlyForDeploymentPostprocessing = 0;
		};
		A17FBE0F230828D2003133F1 /* Frameworks */ = {
			isa = PBXFrameworksBuildPhase;
			buildActionMask = 2147483647;
			files = (
			);
			runOnlyForDeploymentPostprocessing = 0;
		};
/* End PBXFrameworksBuildPhase section */

/* Begin PBXGroup section */
		A17FBDE6230828D0003133F1 = {
			isa = PBXGroup;
			children = (
				A17FBDF1230828D1003133F1 /* FMDB */,
				A17FBE0A230828D2003133F1 /* FMDBTests */,
				A17FBE15230828D2003133F1 /* FMDBUITests */,
				A17FBDF0230828D1003133F1 /* Products */,
			);
			sourceTree = "<group>";
		};
		A17FBDF0230828D1003133F1 /* Products */ = {
			isa = PBXGroup;
			children = (
				A17FBDEF230828D1003133F1 /* FMDB.app */,
				A17FBE07230828D2003133F1 /* FMDBTests.xctest */,
				A17FBE12230828D2003133F1 /* FMDBUITests.xctest */,
			);
			name = Products;
			sourceTree = "<group>";
		};
		A17FBDF1230828D1003133F1 /* FMDB */ = {
			isa = PBXGroup;
			children = (
				A17FBDF2230828D1003133F1 /* AppDelegate.h */,
				A17FBDF3230828D1003133F1 /* AppDelegate.m */,
				A17FBDF5230828D1003133F1 /* ViewController.h */,
				A17FBDF6230828D1003133F1 /* ViewController.m */,
				A17FBDF8230828D1003133F1 /* Main.storyboard */,
				A17FBDFB230828D2003133F1 /* Assets.xcassets */,
				A17FBDFD230828D2003133F1 /* LaunchScreen.storyboard */,
				A17FBE00230828D2003133F1 /* Info.plist */,
				A17FBE01230828D2003133F1 /* main.m */,
				A17FBE2723082EB6003133F1 /* fmdb */,
				A17FBE2423082E71003133F1 /* FMDBTools.h */,
				A17FBE2523082E71003133F1 /* FMDBTools.m */,
				A17FBE3A23084A35003133F1 /* StudentInfo.h */,
				A17FBE3B23084A35003133F1 /* StudentInfo.m */,
			);
			path = FMDB;
			sourceTree = "<group>";
		};
		A17FBE0A230828D2003133F1 /* FMDBTests */ = {
			isa = PBXGroup;
			children = (
				A17FBE0B230828D2003133F1 /* FMDBTests.m */,
				A17FBE0D230828D2003133F1 /* Info.plist */,
			);
			path = FMDBTests;
			sourceTree = "<group>";
		};
		A17FBE15230828D2003133F1 /* FMDBUITests */ = {
			isa = PBXGroup;
			children = (
				A17FBE16230828D2003133F1 /* FMDBUITests.m */,
				A17FBE18230828D2003133F1 /* Info.plist */,
			);
			path = FMDBUITests;
			sourceTree = "<group>";
		};
		A17FBE2723082EB6003133F1 /* fmdb */ = {
			isa = PBXGroup;
			children = (
				A17FBE2823082EB6003133F1 /* FMDatabase.h */,
				A17FBE2923082EB6003133F1 /* FMDatabaseQueue.m */,
				A17FBE2A23082EB6003133F1 /* FMResultSet.h */,
				A17FBE2B23082EB6003133F1 /* FMDatabasePool.h */,
				A17FBE2C23082EB6003133F1 /* FMDatabaseAdditions.m */,
				A17FBE2D23082EB6003133F1 /* FMDatabase.m */,
				A17FBE2E23082EB6003133F1 /* FMDatabaseQueue.h */,
				A17FBE2F23082EB6003133F1 /* FMDB.h */,
				A17FBE3023082EB6003133F1 /* FMDatabaseAdditions.h */,
				A17FBE3123082EB6003133F1 /* FMDatabasePool.m */,
				A17FBE3223082EB6003133F1 /* FMResultSet.m */,
				A17FBE3323082EB6003133F1 /* Info.plist */,
			);
			path = fmdb;
			sourceTree = "<group>";
		};
/* End PBXGroup section */

/* Begin PBXNativeTarget section */
		A17FBDEE230828D1003133F1 /* FMDB */ = {
			isa = PBXNativeTarget;
			buildConfigurationList = A17FBE1B230828D2003133F1 /* Build configuration list for PBXNativeTarget "FMDB" */;
			buildPhases = (
				A17FBDEB230828D1003133F1 /* Sources */,
				A17FBDEC230828D1003133F1 /* Frameworks */,
				A17FBDED230828D1003133F1 /* Resources */,
			);
			buildRules = (
			);
			dependencies = (
			);
			name = FMDB;
			productName = FMDB;
			productReference = A17FBDEF230828D1003133F1 /* FMDB.app */;
			productType = "com.apple.product-type.application";
		};
		A17FBE06230828D2003133F1 /* FMDBTests */ = {
			isa = PBXNativeTarget;
			buildConfigurationList = A17FBE1E230828D2003133F1 /* Build configuration list for PBXNativeTarget "FMDBTests" */;
			buildPhases = (
				A17FBE03230828D2003133F1 /* Sources */,
				A17FBE04230828D2003133F1 /* Frameworks */,
				A17FBE05230828D2003133F1 /* Resources */,
			);
			buildRules = (
			);
			dependencies = (
				A17FBE09230828D2003133F1 /* PBXTargetDependency */,
			);
			name = FMDBTests;
			productName = FMDBTests;
			productReference = A17FBE07230828D2003133F1 /* FMDBTests.xctest */;
			productType = "com.apple.product-type.bundle.unit-test";
		};
		A17FBE11230828D2003133F1 /* FMDBUITests */ = {
			isa = PBXNativeTarget;
			buildConfigurationList = A17FBE21230828D2003133F1 /* Build configuration list for PBXNativeTarget "FMDBUITests" */;
			buildPhases = (
				A17FBE0E230828D2003133F1 /* Sources */,
				A17FBE0F230828D2003133F1 /* Frameworks */,
				A17FBE10230828D2003133F1 /* Resources */,
			);
			buildRules = (
			);
			dependencies = (
				A17FBE14230828D2003133F1 /* PBXTargetDependency */,
			);
			name = FMDBUITests;
			productName = FMDBUITests;
			productReference = A17FBE12230828D2003133F1 /* FMDBUITests.xctest */;
			productType = "com.apple.product-type.bundle.ui-testing";
		};
/* End PBXNativeTarget section */

/* Begin PBXProject section */
		A17FBDE7230828D1003133F1 /* Project object */ = {
			isa = PBXProject;
			attributes = {
				LastUpgradeCheck = 1020;
				ORGANIZATIONNAME = Myron;
				TargetAttributes = {
					A17FBDEE230828D1003133F1 = {
						CreatedOnToolsVersion = 10.2.1;
					};
					A17FBE06230828D2003133F1 = {
						CreatedOnToolsVersion = 10.2.1;
						TestTargetID = A17FBDEE230828D1003133F1;
					};
					A17FBE11230828D2003133F1 = {
						CreatedOnToolsVersion = 10.2.1;
						TestTargetID = A17FBDEE230828D1003133F1;
					};
				};
			};
			buildConfigurationList = A17FBDEA230828D1003133F1 /* Build configuration list for PBXProject "FMDB" */;
			compatibilityVersion = "Xcode 9.3";
			developmentRegion = en;
			hasScannedForEncodings = 0;
			knownRegions = (
				en,
				Base,
			);
			mainGroup = A17FBDE6230828D0003133F1;
			productRefGroup = A17FBDF0230828D1003133F1 /* Products */;
			projectDirPath = "";
			projectRoot = "";
			targets = (
				A17FBDEE230828D1003133F1 /* FMDB */,
				A17FBE06230828D2003133F1 /* FMDBTests */,
				A17FBE11230828D2003133F1 /* FMDBUITests */,
			);
		};
/* End PBXProject section */

/* Begin PBXResourcesBuildPhase section */
		A17FBDED230828D1003133F1 /* Resources */ = {
			isa = PBXResourcesBuildPhase;
			buildActionMask = 2147483647;
			files = (
				A17FBDFF230828D2003133F1 /* LaunchScreen.storyboard in Resources */,
				A17FBDFC230828D2003133F1 /* Assets.xcassets in Resources */,
				A17FBDFA230828D1003133F1 /* Main.storyboard in Resources */,
			);
			runOnlyForDeploymentPostprocessing = 0;
		};
		A17FBE05230828D2003133F1 /* Resources */ = {
			isa = PBXResourcesBuildPhase;
			buildActionMask = 2147483647;
			files = (
			);
			runOnlyForDeploymentPostprocessing = 0;
		};
		A17FBE10230828D2003133F1 /* Resources */ = {
			isa = PBXResourcesBuildPhase;
			buildActionMask = 2147483647;
			files = (
			);
			runOnlyForDeploymentPostprocessing = 0;
		};
/* End PBXResourcesBuildPhase section */

/* Begin PBXSourcesBuildPhase section */
		A17FBDEB230828D1003133F1 /* Sources */ = {
			isa = PBXSourcesBuildPhase;
			buildActionMask = 2147483647;
			files = (
				A17FBE3423082EB6003133F1 /* FMDatabaseQueue.m in Sources */,
				A17FBE2623082E71003133F1 /* FMDBTools.m in Sources */,
				A17FBDF7230828D1003133F1 /* ViewController.m in Sources */,
				A17FBE3623082EB6003133F1 /* FMDatabase.m in Sources */,
				A17FBE02230828D2003133F1 /* main.m in Sources */,
				A17FBE3C23084A35003133F1 /* StudentInfo.m in Sources */,
				A17FBE3723082EB6003133F1 /* FMDatabasePool.m in Sources */,
				A17FBE3823082EB6003133F1 /* FMResultSet.m in Sources */,
				A17FBDF4230828D1003133F1 /* AppDelegate.m in Sources */,
				A17FBE3523082EB6003133F1 /* FMDatabaseAdditions.m in Sources */,
			);
			runOnlyForDeploymentPostprocessing = 0;
		};
		A17FBE03230828D2003133F1 /* Sources */ = {
			isa = PBXSourcesBuildPhase;
			buildActionMask = 2147483647;
			files = (
				A17FBE0C230828D2003133F1 /* FMDBTests.m in Sources */,
			);
			runOnlyForDeploymentPostprocessing = 0;
		};
		A17FBE0E230828D2003133F1 /* Sources */ = {
			isa = PBXSourcesBuildPhase;
			buildActionMask = 2147483647;
			files = (
				A17FBE17230828D2003133F1 /* FMDBUITests.m in Sources */,
			);
			runOnlyForDeploymentPostprocessing = 0;
		};
/* End PBXSourcesBuildPhase section */

/* Begin PBXTargetDependency section */
		A17FBE09230828D2003133F1 /* PBXTargetDependency */ = {
			isa = PBXTargetDependency;
			target = A17FBDEE230828D1003133F1 /* FMDB */;
			targetProxy = A17FBE08230828D2003133F1 /* PBXContainerItemProxy */;
		};
		A17FBE14230828D2003133F1 /* PBXTargetDependency */ = {
			isa = PBXTargetDependency;
			target = A17FBDEE230828D1003133F1 /* FMDB */;
			targetProxy = A17FBE13230828D2003133F1 /* PBXContainerItemProxy */;
		};
/* End PBXTargetDependency section */

/* Begin PBXVariantGroup section */
		A17FBDF8230828D1003133F1 /* Main.storyboard */ = {
			isa = PBXVariantGroup;
			children = (
				A17FBDF9230828D1003133F1 /* Base */,
			);
			name = Main.storyboard;
			sourceTree = "<group>";
		};
		A17FBDFD230828D2003133F1 /* LaunchScreen.storyboard */ = {
			isa = PBXVariantGroup;
			children = (
				A17FBDFE230828D2003133F1 /* Base */,
			);
			name = LaunchScreen.storyboard;
			sourceTree = "<group>";
		};
/* End PBXVariantGroup section */

/* Begin XCBuildConfiguration section */
		A17FBE19230828D2003133F1 /* Debug */ = {
			isa = XCBuildConfiguration;
			buildSettings = {
				ALWAYS_SEARCH_USER_PATHS = NO;
				CLANG_ANALYZER_NONNULL = YES;
				CLANG_ANALYZER_NUMBER_OBJECT_CONVERSION = YES_AGGRESSIVE;
				CLANG_CXX_LANGUAGE_STANDARD = "gnu++14";
				CLANG_CXX_LIBRARY = "libc++";
				CLANG_ENABLE_MODULES = YES;
				CLANG_ENABLE_OBJC_ARC = YES;
				CLANG_ENABLE_OBJC_WEAK = YES;
				CLANG_WARN_BLOCK_CAPTURE_AUTORELEASING = YES;
				CLANG_WARN_BOOL_CONVERSION = YES;
				CLANG_WARN_COMMA = YES;
				CLANG_WARN_CONSTANT_CONVERSION = YES;
				CLANG_WARN_DEPRECATED_OBJC_IMPLEMENTATIONS = YES;
				CLANG_WARN_DIRECT_OBJC_ISA_USAGE = YES_ERROR;
				CLANG_WARN_DOCUMENTATION_COMMENTS = YES;
				CLANG_WARN_EMPTY_BODY = YES;
				CLANG_WARN_ENUM_CONVERSION = YES;
				CLANG_WARN_INFINITE_RECURSION = YES;
				CLANG_WARN_INT_CONVERSION = YES;
				CLANG_WARN_NON_LITERAL_NULL_CONVERSION = YES;
				CLANG_WARN_OBJC_IMPLICIT_RETAIN_SELF = YES;
				CLANG_WARN_OBJC_LITERAL_CONVERSION = YES;
				CLANG_WARN_OBJC_ROOT_CLASS = YES_ERROR;
				CLANG_WARN_RANGE_LOOP_ANALYSIS = YES;
				CLANG_WARN_STRICT_PROTOTYPES = YES;
				CLANG_WARN_SUSPICIOUS_MOVE = YES;
				CLANG_WARN_UNGUARDED_AVAILABILITY = YES_AGGRESSIVE;
				CLANG_WARN_UNREACHABLE_CODE = YES;
				CLANG_WARN__DUPLICATE_METHOD_MATCH = YES;
				CODE_SIGN_IDENTITY = "iPhone Developer";
				COPY_PHASE_STRIP = NO;
				DEBUG_INFORMATION_FORMAT = dwarf;
				ENABLE_STRICT_OBJC_MSGSEND = YES;
				ENABLE_TESTABILITY = YES;
				GCC_C_LANGUAGE_STANDARD = gnu11;
				GCC_DYNAMIC_NO_PIC = NO;
				GCC_NO_COMMON_BLOCKS = YES;
				GCC_OPTIMIZATION_LEVEL = 0;
				GCC_PREPROCESSOR_DEFINITIONS = (
					"DEBUG=1",
					"$(inherited)",
				);
				GCC_WARN_64_TO_32_BIT_CONVERSION = YES;
				GCC_WARN_ABOUT_RETURN_TYPE = YES_ERROR;
				GCC_WARN_UNDECLARED_SELECTOR = YES;
				GCC_WARN_UNINITIALIZED_AUTOS = YES_AGGRESSIVE;
				GCC_WARN_UNUSED_FUNCTION = YES;
				GCC_WARN_UNUSED_VARIABLE = YES;
				IPHONEOS_DEPLOYMENT_TARGET = 12.2;
				MTL_ENABLE_DEBUG_INFO = INCLUDE_SOURCE;
				MTL_FAST_MATH = YES;
				ONLY_ACTIVE_ARCH = YES;
				SDKROOT = iphoneos;
			};
			name = Debug;
		};
		A17FBE1A230828D2003133F1 /* Release */ = {
			isa = XCBuildConfiguration;
			buildSettings = {
				ALWAYS_SEARCH_USER_PATHS = NO;
				CLANG_ANALYZER_NONNULL = YES;
				CLANG_ANALYZER_NUMBER_OBJECT_CONVERSION = YES_AGGRESSIVE;
				CLANG_CXX_LANGUAGE_STANDARD = "gnu++14";
				CLANG_CXX_LIBRARY = "libc++";
				CLANG_ENABLE_MODULES = YES;
				CLANG_ENABLE_OBJC_ARC = YES;
				CLANG_ENABLE_OBJC_WEAK = YES;
				CLANG_WARN_BLOCK_CAPTURE_AUTORELEASING = YES;
				CLANG_WARN_BOOL_CONVERSION = YES;
				CLANG_WARN_COMMA = YES;
				CLANG_WARN_CONSTANT_CONVERSION = YES;
				CLANG_WARN_DEPRECATED_OBJC_IMPLEMENTATIONS = YES;
				CLANG_WARN_DIRECT_OBJC_ISA_USAGE = YES_ERROR;
				CLANG_WARN_DOCUMENTATION_COMMENTS = YES;
				CLANG_WARN_EMPTY_BODY = YES;
				CLANG_WARN_ENUM_CONVERSION = YES;
				CLANG_WARN_INFINITE_RECURSION = YES;
				CLANG_WARN_INT_CONVERSION = YES;
				CLANG_WARN_NON_LITERAL_NULL_CONVERSION = YES;
				CLANG_WARN_OBJC_IMPLICIT_RETAIN_SELF = YES;
				CLANG_WARN_OBJC_LITERAL_CONVERSION = YES;
				CLANG_WARN_OBJC_ROOT_CLASS = YES_ERROR;
				CLANG_WARN_RANGE_LOOP_ANALYSIS = YES;
				CLANG_WARN_STRICT_PROTOTYPES = YES;
				CLANG_WARN_SUSPICIOUS_MOVE = YES;
				CLANG_WARN_UNGUARDED_AVAILABILITY = YES_AGGRESSIVE;
				CLANG_WARN_UNREACHABLE_CODE = YES;
				CLANG_WARN__DUPLICATE_METHOD_MATCH = YES;
				CODE_SIGN_IDENTITY = "iPhone Developer";
				COPY_PHASE_STRIP = NO;
				DEBUG_INFORMATION_FORMAT = "dwarf-with-dsym";
				ENABLE_NS_ASSERTIONS = NO;
				ENABLE_STRICT_OBJC_MSGSEND = YES;
				GCC_C_LANGUAGE_STANDARD = gnu11;
				GCC_NO_COMMON_BLOCKS = YES;
				GCC_WARN_64_TO_32_BIT_CONVERSION = YES;
				GCC_WARN_ABOUT_RETURN_TYPE = YES_ERROR;
				GCC_WARN_UNDECLARED_SELECTOR = YES;
				GCC_WARN_UNINITIALIZED_AUTOS = YES_AGGRESSIVE;
				GCC_WARN_UNUSED_FUNCTION = YES;
				GCC_WARN_UNUSED_VARIABLE = YES;
				IPHONEOS_DEPLOYMENT_TARGET = 12.2;
				MTL_ENABLE_DEBUG_INFO = NO;
				MTL_FAST_MATH = YES;
				SDKROOT = iphoneos;
				VALIDATE_PRODUCT = YES;
			};
			name = Release;
		};
		A17FBE1C230828D2003133F1 /* Debug */ = {
			isa = XCBuildConfiguration;
			buildSettings = {
				ASSETCATALOG_COMPILER_APPICON_NAME = AppIcon;
				CODE_SIGN_STYLE = Automatic;
				DEVELOPMENT_TEAM = KGB4YH8FC6;
				INFOPLIST_FILE = FMDB/Info.plist;
				LD_RUNPATH_SEARCH_PATHS = (
					"$(inherited)",
					"@executable_path/Frameworks",
				);
				PRODUCT_BUNDLE_IDENTIFIER = com.myron.FMDB;
				PRODUCT_NAME = "$(TARGET_NAME)";
				TARGETED_DEVICE_FAMILY = "1,2";
			};
			name = Debug;
		};
		A17FBE1D230828D2003133F1 /* Release */ = {
			isa = XCBuildConfiguration;
			buildSettings = {
				ASSETCATALOG_COMPILER_APPICON_NAME = AppIcon;
				CODE_SIGN_STYLE = Automatic;
				DEVELOPMENT_TEAM = KGB4YH8FC6;
				INFOPLIST_FILE = FMDB/Info.plist;
				LD_RUNPATH_SEARCH_PATHS = (
					"$(inherited)",
					"@executable_path/Frameworks",
				);
				PRODUCT_BUNDLE_IDENTIFIER = com.myron.FMDB;
				PRODUCT_NAME = "$(TARGET_NAME)";
				TARGETED_DEVICE_FAMILY = "1,2";
			};
			name = Release;
		};
		A17FBE1F230828D2003133F1 /* Debug */ = {
			isa = XCBuildConfiguration;
			buildSettings = {
				BUNDLE_LOADER = "$(TEST_HOST)";
				CODE_SIGN_STYLE = Automatic;
				DEVELOPMENT_TEAM = KGB4YH8FC6;
				INFOPLIST_FILE = FMDBTests/Info.plist;
				LD_RUNPATH_SEARCH_PATHS = (
					"$(inherited)",
					"@executable_path/Frameworks",
					"@loader_path/Frameworks",
				);
				PRODUCT_BUNDLE_IDENTIFIER = com.myron.FMDBTests;
				PRODUCT_NAME = "$(TARGET_NAME)";
				TARGETED_DEVICE_FAMILY = "1,2";
				TEST_HOST = "$(BUILT_PRODUCTS_DIR)/FMDB.app/FMDB";
			};
			name = Debug;
		};
		A17FBE20230828D2003133F1 /* Release */ = {
			isa = XCBuildConfiguration;
			buildSettings = {
				BUNDLE_LOADER = "$(TEST_HOST)";
				CODE_SIGN_STYLE = Automatic;
				DEVELOPMENT_TEAM = KGB4YH8FC6;
				INFOPLIST_FILE = FMDBTests/Info.plist;
				LD_RUNPATH_SEARCH_PATHS = (
					"$(inherited)",
					"@executable_path/Frameworks",
					"@loader_path/Frameworks",
				);
				PRODUCT_BUNDLE_IDENTIFIER = com.myron.FMDBTests;
				PRODUCT_NAME = "$(TARGET_NAME)";
				TARGETED_DEVICE_FAMILY = "1,2";
				TEST_HOST = "$(BUILT_PRODUCTS_DIR)/FMDB.app/FMDB";
			};
			name = Release;
		};
		A17FBE22230828D2003133F1 /* Debug */ = {
			isa = XCBuildConfiguration;
			buildSettings = {
				CODE_SIGN_STYLE = Automatic;
				DEVELOPMENT_TEAM = KGB4YH8FC6;
				INFOPLIST_FILE = FMDBUITests/Info.plist;
				LD_RUNPATH_SEARCH_PATHS = (
					"$(inherited)",
					"@executable_path/Frameworks",
					"@loader_path/Frameworks",
				);
				PRODUCT_BUNDLE_IDENTIFIER = com.myron.FMDBUITests;
				PRODUCT_NAME = "$(TARGET_NAME)";
				TARGETED_DEVICE_FAMILY = "1,2";
				TEST_TARGET_NAME = FMDB;
			};
			name = Debug;
		};
		A17FBE23230828D2003133F1 /* Release */ = {
			isa = XCBuildConfiguration;
			buildSettings = {
				CODE_SIGN_STYLE = Automatic;
				DEVELOPMENT_TEAM = KGB4YH8FC6;
				INFOPLIST_FILE = FMDBUITests/Info.plist;
				LD_RUNPATH_SEARCH_PATHS = (
					"$(inherited)",
					"@executable_path/Frameworks",
					"@loader_path/Frameworks",
				);
				PRODUCT_BUNDLE_IDENTIFIER = com.myron.FMDBUITests;
				PRODUCT_NAME = "$(TARGET_NAME)";
				TARGETED_DEVICE_FAMILY = "1,2";
				TEST_TARGET_NAME = FMDB;
			};
			name = Release;
		};
/* End XCBuildConfiguration section */

/* Begin XCConfigurationList section */
		A17FBDEA230828D1003133F1 /* Build configuration list for PBXProject "FMDB" */ = {
			isa = XCConfigurationList;
			buildConfigurations = (
				A17FBE19230828D2003133F1 /* Debug */,
				A17FBE1A230828D2003133F1 /* Release */,
			);
			defaultConfigurationIsVisible = 0;
			defaultConfigurationName = Release;
		};
		A17FBE1B230828D2003133F1 /* Build configuration list for PBXNativeTarget "FMDB" */ = {
			isa = XCConfigurationList;
			buildConfigurations = (
				A17FBE1C230828D2003133F1 /* Debug */,
				A17FBE1D230828D2003133F1 /* Release */,
			);
			defaultConfigurationIsVisible = 0;
			defaultConfigurationName = Release;
		};
		A17FBE1E230828D2003133F1 /* Build configuration list for PBXNativeTarget "FMDBTests" */ = {
			isa = XCConfigurationList;
			buildConfigurations = (
				A17FBE1F230828D2003133F1 /* Debug */,
				A17FBE20230828D2003133F1 /* Release */,
			);
			defaultConfigurationIsVisible = 0;
			defaultConfigurationName = Release;
		};
		A17FBE21230828D2003133F1 /* Build configuration list for PBXNativeTarget "FMDBUITests" */ = {
			isa = XCConfigurationList;
			buildConfigurations = (
				A17FBE22230828D2003133F1 /* Debug */,
				A17FBE23230828D2003133F1 /* Release */,
			);
			defaultConfigurationIsVisible = 0;
			defaultConfigurationName = Release;
		};
/* End XCConfigurationList section */
	};
	rootObject = A17FBDE7230828D1003133F1 /* Project object */;
}
